<?xml version="1.0" encoding="utf-8"?>
<Project ToolsVersion="4.0" xmlns="http://schemas.microsoft.com/developer/msbuild/2003">
  <ItemGroup>
    <Filter Include="Source Files">
      <UniqueIdentifier>{4FC737F1-C7A5-4376-A066-2A32D752A2FF}</UniqueIdentifier>
      <Extensions>cpp;c;cc;cxx;def;odl;idl;hpj;bat;asm;asmx</Extensions>
    </Filter>
    <Filter Include="Header Files">
      <UniqueIdentifier>{93995380-89BD-4b04-88EB-625FBE52EBFB}</UniqueIdentifier>
      <Extensions>h;hh;hpp;hxx;hm;inl;inc;xsd</Extensions>
    </Filter>
    <Filter Include="Resource Files">
      <UniqueIdentifier>{67DA6AB6-F800-4c08-8B7A-83BB121AAD01}</UniqueIdentifier>
      <Extensions>rc;ico;cur;bmp;dlg;rc2;rct;bin;rgs;gif;jpg;jpeg;jpe;resx;tiff;tif;png;wav;mfcribbon-ms</Extensions>
    </Filter>
    <Filter Include="Header Files\algo">
      <UniqueIdentifier>{146be67a-eff9-46dd-b28e-6b817ed8d726}</UniqueIdentifier>
    </Filter>
    <Filter Include="Source Files\algo">
      <UniqueIdentifier>{dc1e67d2-8491-4de6-b793-caf217520ce0}</UniqueIdentifier>
    </Filter>
  </ItemGroup>
  <ItemGroup>
    <ClCompile Include="main.cpp">
      <Filter>Source Files</Filter>
    </ClCompile>
    <ClCompile Include="edge.cpp">
      <Filter>Source Files</Filter>
    </ClCompile>
    <ClCompile Include="graph.cpp">
      <Filter>Source Files</Filter>
    </ClCompile>
    <ClCompile Include="vertex.cpp">
      <Filter>Source Files</Filter>
    </ClCompile>
    <ClCompile Include="search.cpp">
      <Filter>Source Files</Filter>
    </ClCompile>
    <ClCompile Include="depthFirstSearch.cpp">
      <Filter>Source Files\algo</Filter>
    </ClCompile>
    <ClCompile Include="breadthFirstSearch.cpp">
      <Filter>Source Files\algo</Filter>
    </ClCompile>
    <ClCompile Include="algo.cpp">
      <Filter>Source Files</Filter>
    </ClCompile>
    <ClCompile Include="depthFirstSearchRev.cpp">
      <Filter>Source Files\algo</Filter>
    </ClCompile>
    <ClCompile Include="primMinSpanTree.cpp">
      <Filter>Source Files\algo</Filter>
    </ClCompile>
    <ClCompile Include="kruskalMinSpanTree.cpp">
      <Filter>Source Files\algo</Filter>
    </ClCompile>
    <ClCompile Include="dijkstraShortPath.cpp">
      <Filter>Source Files\algo</Filter>
    </ClCompile>
    <ClCompile Include="bellmanFordShortPath.cpp">
      <Filter>Source Files\algo</Filter>
    </ClCompile>
    <ClCompile Include="floydShortPath.cpp">
      <Filter>Source Files\algo</Filter>
    </ClCompile>
    <ClCompile Include="autoShortPath.cpp">
      <Filter>Source Files\algo</Filter>
    </ClCompile>
    <ClCompile Include="shortPath.cpp">
      <Filter>Source Files</Filter>
    </ClCompile>
    <ClCompile Include="criticalPathMethod.cpp">
      <Filter>Source Files\algo</Filter>
    </ClCompile>
    <ClCompile Include="viterbiShortPath.cpp">
      <Filter>Source Files\algo</Filter>
    </ClCompile>
    <ClCompile Include="hungarianAlgorithm.cpp">
      <Filter>Source Files\algo</Filter>
    </ClCompile>
    <ClCompile Include="fordFulkersonMaxFlow.cpp">
      <Filter>Source Files\algo</Filter>
    </ClCompile>
    <ClCompile Include="hamiltonPath.cpp">
      <Filter>Source Files\algo</Filter>
    </ClCompile>
  </ItemGroup>
  <ItemGroup>
    <ClInclude Include="edge.h">
      <Filter>Header Files</Filter>
    </ClInclude>
    <ClInclude Include="graph.h">
      <Filter>Header Files</Filter>
    </ClInclude>
    <ClInclude Include="vertex.h">
      <Filter>Header Files</Filter>
    </ClInclude>
    <ClInclude Include="depthFirstSearch.h">
      <Filter>Header Files\algo</Filter>
    </ClInclude>
    <ClInclude Include="breadthFirstSearch.h">
      <Filter>Header Files\algo</Filter>
    </ClInclude>
    <ClInclude Include="search.h">
      <Filter>Header Files</Filter>
    </ClInclude>
    <ClInclude Include="algo.h">
      <Filter>Header Files</Filter>
    </ClInclude>
    <ClInclude Include="depthFirstSearchRev.h">
      <Filter>Header Files\algo</Filter>
    </ClInclude>
    <ClInclude Include="primMinSpanTree.h">
      <Filter>Header Files\algo</Filter>
    </ClInclude>
    <ClInclude Include="kruskalMinSpanTree.h">
      <Filter>Header Files\algo</Filter>
    </ClInclude>
    <ClInclude Include="dijkstraShortPath.h">
      <Filter>Header Files\algo</Filter>
    </ClInclude>
    <ClInclude Include="bellmanFordShortPath.h">
      <Filter>Header Files\algo</Filter>
    </ClInclude>
    <ClInclude Include="floydShortPath.h">
      <Filter>Header Files\algo</Filter>
    </ClInclude>
    <ClInclude Include="autoShortPath.h">
      <Filter>Header Files\algo</Filter>
    </ClInclude>
    <ClInclude Include="shortPath.h">
      <Filter>Header Files</Filter>
    </ClInclude>
    <ClInclude Include="criticalPathMethod.h">
      <Filter>Header Files\algo</Filter>
    </ClInclude>
    <ClInclude Include="viterbiShortPath.h">
      <Filter>Header Files\algo</Filter>
    </ClInclude>
    <ClInclude Include="hungarianAlgorithm.h">
      <Filter>Header Files\algo</Filter>
    </ClInclude>
    <ClInclude Include="fordFulkersonMaxFlow.h">
      <Filter>Header Files\algo</Filter>
    </ClInclude>
    <ClInclude Include="hamiltonPath.h">
      <Filter>Header Files\algo</Filter>
    </ClInclude>
  </ItemGroup>
  <ItemGroup>
    <Text Include="input.txt">
      <Filter>Source Files</Filter>
    </Text>
  </ItemGroup>
</Project>